
Microsoft Visual Studio Solution File, Format Version 12.00
# Visual Studio Version 17
VisualStudioVersion = 17.13.35806.99
MinimumVisualStudioVersion = 10.0.40219.1
Project("{8BC9CEB8-8B4A-11D0-8D11-00A0C91BC942}") = "Cstudy", "Cstudy.vcxproj", "{129A6A33-938A-4999-984E-93893B182AE2}"
EndProject
Project("{2150E333-8FDC-42A3-9474-1A3956D46DE8}") = "Ch.1", "Ch.1", "{C8D5274F-AC00-46C7-1F8D-E88E81087A52}"
EndProject
Project("{8BC9CEB8-8B4A-11D0-8D11-00A0C91BC942}") = "Ch1", "..\Ch1\Ch1.vcxproj", "{AC739999-2056-4DE7-8D05-FC3216DCBECD}"
EndProject
Project("{2150E333-8FDC-42A3-9474-1A3956D46DE8}") = "ch2", "ch2", "{058F18D4-782C-43CA-B58C-181476A5C50E}"
EndProject
Project("{8BC9CEB8-8B4A-11D0-8D11-00A0C91BC942}") = "Ch2", "..\Project1\Project1.vcxproj", "{EA7C6E2E-B740-4E3E-813B-EF06328454EC}"
EndProject
Project("{2150E333-8FDC-42A3-9474-1A3956D46DE8}") = "Ch3", "Ch3", "{7E18134B-0DD3-423F-BC23-666BC5B715B9}"
EndProject
Project("{8BC9CEB8-8B4A-11D0-8D11-00A0C91BC942}") = "Operalor", "..\Operalor\Operalor.vcxproj", "{56918EC0-CFB9-4079-B297-8D8DB514A2A1}"
EndProject
Project("{2150E333-8FDC-42A3-9474-1A3956D46DE8}") = "Ch4", "Ch4", "{3FEF9AFA-AE5C-479F-A8C5-C9F89E4013B2}"
EndProject
Project("{8BC9CEB8-8B4A-11D0-8D11-00A0C91BC942}") = "Data", "..\Data\Data.vcxproj", "{49634D5F-B709-4040-9BD0-F079787254A1}"
EndProject
Project("{2150E333-8FDC-42A3-9474-1A3956D46DE8}") = "CH5", "CH5", "{D75E54C3-0DEA-4D06-8C03-1D2A96E15376}"
EndProject
Project("{8BC9CEB8-8B4A-11D0-8D11-00A0C91BC942}") = "ch5", "..\ch5\ch5.vcxproj", "{4F674149-55FC-4440-A72B-A5D067E40BEC}"
EndProject
Project("{2150E333-8FDC-42A3-9474-1A3956D46DE8}") = "CH6", "CH6", "{B20CEF2B-4A8A-4B82-9EBC-FF2495E03AF1}"
EndProject
Project("{8BC9CEB8-8B4A-11D0-8D11-00A0C91BC942}") = "Ch6", "..\Ch6\Ch6.vcxproj", "{6E6D22DF-F2C9-463E-9369-717BD5267AEB}"
EndProject
Project("{2150E333-8FDC-42A3-9474-1A3956D46DE8}") = "CH7", "CH7", "{EC8A8DD3-FEE0-4296-A65E-7E0C7ABF37FC}"
EndProject
Project("{8BC9CEB8-8B4A-11D0-8D11-00A0C91BC942}") = "Ch7", "..\Ch7\Ch7.vcxproj", "{6A03A03D-A36E-47B5-B3B6-75FF27F30851}"
EndProject
Project("{2150E333-8FDC-42A3-9474-1A3956D46DE8}") = "CH8", "CH8", "{9FF872AD-C759-4EE9-8672-B5372EDA996B}"
EndProject
Project("{8BC9CEB8-8B4A-11D0-8D11-00A0C91BC942}") = "ch8", "..\ch8\ch8.vcxproj", "{A9B668A4-6D1C-4CC3-A06D-A5EA9AAEB22B}"
EndProject
Project("{2150E333-8FDC-42A3-9474-1A3956D46DE8}") = "CH9", "CH9", "{76B30E89-1197-414B-AE52-A9FDF96E658D}"
EndProject
Project("{8BC9CEB8-8B4A-11D0-8D11-00A0C91BC942}") = "ch9", "..\ch9\ch9.vcxproj", "{9206BEA3-D5B7-4443-B300-B52840029EA7}"
EndProject
Project("{2150E333-8FDC-42A3-9474-1A3956D46DE8}") = "CH10", "CH10", "{9BD2F0D4-CEC9-440A-85EA-9503F97C22E2}"
EndProject
Project("{8BC9CEB8-8B4A-11D0-8D11-00A0C91BC942}") = "ch10", "..\ch10\ch10.vcxproj", "{DCB48821-78C3-4ED1-908C-67A226219E49}"
EndProject
Project("{2150E333-8FDC-42A3-9474-1A3956D46DE8}") = "Toyproject_01", "Toyproject_01", "{6009CDD4-8B0F-4602-8BAD-ADB7C2A69F75}"
EndProject
Project("{8BC9CEB8-8B4A-11D0-8D11-00A0C91BC942}") = "ToyProject01", "..\ToyProject01\ToyProject01.vcxproj", "{7082390D-4D33-4FBA-9727-A857B5620D0F}"
EndProject
Project("{2150E333-8FDC-42A3-9474-1A3956D46DE8}") = "ToyProject02", "ToyProject02", "{62C6D31E-FAFA-487B-B3E3-DA9707816FAE}"
EndProject
Project("{8BC9CEB8-8B4A-11D0-8D11-00A0C91BC942}") = "Toyproject2", "..\Toyproject2\Toyproject2.vcxproj", "{C168C5EF-AEC2-45F2-8321-32F767242BAB}"
EndProject
Global
	GlobalSection(SolutionConfigurationPlatforms) = preSolution
		Debug|x64 = Debug|x64
		Debug|x86 = Debug|x86
		Release|x64 = Release|x64
		Release|x86 = Release|x86
	EndGlobalSection
	GlobalSection(ProjectConfigurationPlatforms) = postSolution
		{129A6A33-938A-4999-984E-93893B182AE2}.Debug|x64.ActiveCfg = Debug|x64
		{129A6A33-938A-4999-984E-93893B182AE2}.Debug|x64.Build.0 = Debug|x64
		{129A6A33-938A-4999-984E-93893B182AE2}.Debug|x86.ActiveCfg = Debug|Win32
		{129A6A33-938A-4999-984E-93893B182AE2}.Debug|x86.Build.0 = Debug|Win32
		{129A6A33-938A-4999-984E-93893B182AE2}.Release|x64.ActiveCfg = Release|x64
		{129A6A33-938A-4999-984E-93893B182AE2}.Release|x64.Build.0 = Release|x64
		{129A6A33-938A-4999-984E-93893B182AE2}.Release|x86.ActiveCfg = Release|Win32
		{129A6A33-938A-4999-984E-93893B182AE2}.Release|x86.Build.0 = Release|Win32
		{AC739999-2056-4DE7-8D05-FC3216DCBECD}.Debug|x64.ActiveCfg = Debug|x64
		{AC739999-2056-4DE7-8D05-FC3216DCBECD}.Debug|x64.Build.0 = Debug|x64
		{AC739999-2056-4DE7-8D05-FC3216DCBECD}.Debug|x86.ActiveCfg = Debug|Win32
		{AC739999-2056-4DE7-8D05-FC3216DCBECD}.Debug|x86.Build.0 = Debug|Win32
		{AC739999-2056-4DE7-8D05-FC3216DCBECD}.Release|x64.ActiveCfg = Release|x64
		{AC739999-2056-4DE7-8D05-FC3216DCBECD}.Release|x64.Build.0 = Release|x64
		{AC739999-2056-4DE7-8D05-FC3216DCBECD}.Release|x86.ActiveCfg = Release|Win32
		{AC739999-2056-4DE7-8D05-FC3216DCBECD}.Release|x86.Build.0 = Release|Win32
		{EA7C6E2E-B740-4E3E-813B-EF06328454EC}.Debug|x64.ActiveCfg = Debug|x64
		{EA7C6E2E-B740-4E3E-813B-EF06328454EC}.Debug|x64.Build.0 = Debug|x64
		{EA7C6E2E-B740-4E3E-813B-EF06328454EC}.Debug|x86.ActiveCfg = Debug|Win32
		{EA7C6E2E-B740-4E3E-813B-EF06328454EC}.Debug|x86.Build.0 = Debug|Win32
		{EA7C6E2E-B740-4E3E-813B-EF06328454EC}.Release|x64.ActiveCfg = Release|x64
		{EA7C6E2E-B740-4E3E-813B-EF06328454EC}.Release|x64.Build.0 = Release|x64
		{EA7C6E2E-B740-4E3E-813B-EF06328454EC}.Release|x86.ActiveCfg = Release|Win32
		{EA7C6E2E-B740-4E3E-813B-EF06328454EC}.Release|x86.Build.0 = Release|Win32
		{56918EC0-CFB9-4079-B297-8D8DB514A2A1}.Debug|x64.ActiveCfg = Debug|x64
		{56918EC0-CFB9-4079-B297-8D8DB514A2A1}.Debug|x64.Build.0 = Debug|x64
		{56918EC0-CFB9-4079-B297-8D8DB514A2A1}.Debug|x86.ActiveCfg = Debug|Win32
		{56918EC0-CFB9-4079-B297-8D8DB514A2A1}.Debug|x86.Build.0 = Debug|Win32
		{56918EC0-CFB9-4079-B297-8D8DB514A2A1}.Release|x64.ActiveCfg = Release|x64
		{56918EC0-CFB9-4079-B297-8D8DB514A2A1}.Release|x64.Build.0 = Release|x64
		{56918EC0-CFB9-4079-B297-8D8DB514A2A1}.Release|x86.ActiveCfg = Release|Win32
		{56918EC0-CFB9-4079-B297-8D8DB514A2A1}.Release|x86.Build.0 = Release|Win32
		{49634D5F-B709-4040-9BD0-F079787254A1}.Debug|x64.ActiveCfg = Debug|x64
		{49634D5F-B709-4040-9BD0-F079787254A1}.Debug|x64.Build.0 = Debug|x64
		{49634D5F-B709-4040-9BD0-F079787254A1}.Debug|x86.ActiveCfg = Debug|Win32
		{49634D5F-B709-4040-9BD0-F079787254A1}.Debug|x86.Build.0 = Debug|Win32
		{49634D5F-B709-4040-9BD0-F079787254A1}.Release|x64.ActiveCfg = Release|x64
		{49634D5F-B709-4040-9BD0-F079787254A1}.Release|x64.Build.0 = Release|x64
		{49634D5F-B709-4040-9BD0-F079787254A1}.Release|x86.ActiveCfg = Release|Win32
		{49634D5F-B709-4040-9BD0-F079787254A1}.Release|x86.Build.0 = Release|Win32
		{4F674149-55FC-4440-A72B-A5D067E40BEC}.Debug|x64.ActiveCfg = Debug|x64
		{4F674149-55FC-4440-A72B-A5D067E40BEC}.Debug|x64.Build.0 = Debug|x64
		{4F674149-55FC-4440-A72B-A5D067E40BEC}.Debug|x86.ActiveCfg = Debug|Win32
		{4F674149-55FC-4440-A72B-A5D067E40BEC}.Debug|x86.Build.0 = Debug|Win32
		{4F674149-55FC-4440-A72B-A5D067E40BEC}.Release|x64.ActiveCfg = Release|x64
		{4F674149-55FC-4440-A72B-A5D067E40BEC}.Release|x64.Build.0 = Release|x64
		{4F674149-55FC-4440-A72B-A5D067E40BEC}.Release|x86.ActiveCfg = Release|Win32
		{4F674149-55FC-4440-A72B-A5D067E40BEC}.Release|x86.Build.0 = Release|Win32
		{6E6D22DF-F2C9-463E-9369-717BD5267AEB}.Debug|x64.ActiveCfg = Debug|x64
		{6E6D22DF-F2C9-463E-9369-717BD5267AEB}.Debug|x64.Build.0 = Debug|x64
		{6E6D22DF-F2C9-463E-9369-717BD5267AEB}.Debug|x86.ActiveCfg = Debug|Win32
		{6E6D22DF-F2C9-463E-9369-717BD5267AEB}.Debug|x86.Build.0 = Debug|Win32
		{6E6D22DF-F2C9-463E-9369-717BD5267AEB}.Release|x64.ActiveCfg = Release|x64
		{6E6D22DF-F2C9-463E-9369-717BD5267AEB}.Release|x64.Build.0 = Release|x64
		{6E6D22DF-F2C9-463E-9369-717BD5267AEB}.Release|x86.ActiveCfg = Release|Win32
		{6E6D22DF-F2C9-463E-9369-717BD5267AEB}.Release|x86.Build.0 = Release|Win32
		{6A03A03D-A36E-47B5-B3B6-75FF27F30851}.Debug|x64.ActiveCfg = Debug|x64
		{6A03A03D-A36E-47B5-B3B6-75FF27F30851}.Debug|x64.Build.0 = Debug|x64
		{6A03A03D-A36E-47B5-B3B6-75FF27F30851}.Debug|x86.ActiveCfg = Debug|Win32
		{6A03A03D-A36E-47B5-B3B6-75FF27F30851}.Debug|x86.Build.0 = Debug|Win32
		{6A03A03D-A36E-47B5-B3B6-75FF27F30851}.Release|x64.ActiveCfg = Release|x64
		{6A03A03D-A36E-47B5-B3B6-75FF27F30851}.Release|x64.Build.0 = Release|x64
		{6A03A03D-A36E-47B5-B3B6-75FF27F30851}.Release|x86.ActiveCfg = Release|Win32
		{6A03A03D-A36E-47B5-B3B6-75FF27F30851}.Release|x86.Build.0 = Release|Win32
		{A9B668A4-6D1C-4CC3-A06D-A5EA9AAEB22B}.Debug|x64.ActiveCfg = Debug|x64
		{A9B668A4-6D1C-4CC3-A06D-A5EA9AAEB22B}.Debug|x64.Build.0 = Debug|x64
		{A9B668A4-6D1C-4CC3-A06D-A5EA9AAEB22B}.Debug|x86.ActiveCfg = Debug|Win32
		{A9B668A4-6D1C-4CC3-A06D-A5EA9AAEB22B}.Debug|x86.Build.0 = Debug|Win32
		{A9B668A4-6D1C-4CC3-A06D-A5EA9AAEB22B}.Release|x64.ActiveCfg = Release|x64
		{A9B668A4-6D1C-4CC3-A06D-A5EA9AAEB22B}.Release|x64.Build.0 = Release|x64
		{A9B668A4-6D1C-4CC3-A06D-A5EA9AAEB22B}.Release|x86.ActiveCfg = Release|Win32
		{A9B668A4-6D1C-4CC3-A06D-A5EA9AAEB22B}.Release|x86.Build.0 = Release|Win32
		{9206BEA3-D5B7-4443-B300-B52840029EA7}.Debug|x64.ActiveCfg = Debug|x64
		{9206BEA3-D5B7-4443-B300-B52840029EA7}.Debug|x64.Build.0 = Debug|x64
		{9206BEA3-D5B7-4443-B300-B52840029EA7}.Debug|x86.ActiveCfg = Debug|Win32
		{9206BEA3-D5B7-4443-B300-B52840029EA7}.Debug|x86.Build.0 = Debug|Win32
		{9206BEA3-D5B7-4443-B300-B52840029EA7}.Release|x64.ActiveCfg = Release|x64
		{9206BEA3-D5B7-4443-B300-B52840029EA7}.Release|x64.Build.0 = Release|x64
		{9206BEA3-D5B7-4443-B300-B52840029EA7}.Release|x86.ActiveCfg = Release|Win32
		{9206BEA3-D5B7-4443-B300-B52840029EA7}.Release|x86.Build.0 = Release|Win32
		{DCB48821-78C3-4ED1-908C-67A226219E49}.Debug|x64.ActiveCfg = Debug|x64
		{DCB48821-78C3-4ED1-908C-67A226219E49}.Debug|x64.Build.0 = Debug|x64
		{DCB48821-78C3-4ED1-908C-67A226219E49}.Debug|x86.ActiveCfg = Debug|Win32
		{DCB48821-78C3-4ED1-908C-67A226219E49}.Debug|x86.Build.0 = Debug|Win32
		{DCB48821-78C3-4ED1-908C-67A226219E49}.Release|x64.ActiveCfg = Release|x64
		{DCB48821-78C3-4ED1-908C-67A226219E49}.Release|x64.Build.0 = Release|x64
		{DCB48821-78C3-4ED1-908C-67A226219E49}.Release|x86.ActiveCfg = Release|Win32
		{DCB48821-78C3-4ED1-908C-67A226219E49}.Release|x86.Build.0 = Release|Win32
		{7082390D-4D33-4FBA-9727-A857B5620D0F}.Debug|x64.ActiveCfg = Debug|x64
		{7082390D-4D33-4FBA-9727-A857B5620D0F}.Debug|x64.Build.0 = Debug|x64
		{7082390D-4D33-4FBA-9727-A857B5620D0F}.Debug|x86.ActiveCfg = Debug|Win32
		{7082390D-4D33-4FBA-9727-A857B5620D0F}.Debug|x86.Build.0 = Debug|Win32
		{7082390D-4D33-4FBA-9727-A857B5620D0F}.Release|x64.ActiveCfg = Release|x64
		{7082390D-4D33-4FBA-9727-A857B5620D0F}.Release|x64.Build.0 = Release|x64
		{7082390D-4D33-4FBA-9727-A857B5620D0F}.Release|x86.ActiveCfg = Release|Win32
		{7082390D-4D33-4FBA-9727-A857B5620D0F}.Release|x86.Build.0 = Release|Win32
		{C168C5EF-AEC2-45F2-8321-32F767242BAB}.Debug|x64.ActiveCfg = Debug|x64
		{C168C5EF-AEC2-45F2-8321-32F767242BAB}.Debug|x64.Build.0 = Debug|x64
		{C168C5EF-AEC2-45F2-8321-32F767242BAB}.Debug|x86.ActiveCfg = Debug|Win32
		{C168C5EF-AEC2-45F2-8321-32F767242BAB}.Debug|x86.Build.0 = Debug|Win32
		{C168C5EF-AEC2-45F2-8321-32F767242BAB}.Release|x64.ActiveCfg = Release|x64
		{C168C5EF-AEC2-45F2-8321-32F767242BAB}.Release|x64.Build.0 = Release|x64
		{C168C5EF-AEC2-45F2-8321-32F767242BAB}.Release|x86.ActiveCfg = Release|Win32
		{C168C5EF-AEC2-45F2-8321-32F767242BAB}.Release|x86.Build.0 = Release|Win32
	EndGlobalSection
	GlobalSection(SolutionProperties) = preSolution
		HideSolutionNode = FALSE
	EndGlobalSection
	GlobalSection(NestedProjects) = preSolution
		{AC739999-2056-4DE7-8D05-FC3216DCBECD} = {C8D5274F-AC00-46C7-1F8D-E88E81087A52}
		{EA7C6E2E-B740-4E3E-813B-EF06328454EC} = {058F18D4-782C-43CA-B58C-181476A5C50E}
		{56918EC0-CFB9-4079-B297-8D8DB514A2A1} = {7E18134B-0DD3-423F-BC23-666BC5B715B9}
		{49634D5F-B709-4040-9BD0-F079787254A1} = {3FEF9AFA-AE5C-479F-A8C5-C9F89E4013B2}
		{4F674149-55FC-4440-A72B-A5D067E40BEC} = {D75E54C3-0DEA-4D06-8C03-1D2A96E15376}
		{6E6D22DF-F2C9-463E-9369-717BD5267AEB} = {B20CEF2B-4A8A-4B82-9EBC-FF2495E03AF1}
		{6A03A03D-A36E-47B5-B3B6-75FF27F30851} = {EC8A8DD3-FEE0-4296-A65E-7E0C7ABF37FC}
		{A9B668A4-6D1C-4CC3-A06D-A5EA9AAEB22B} = {9FF872AD-C759-4EE9-8672-B5372EDA996B}
		{9206BEA3-D5B7-4443-B300-B52840029EA7} = {76B30E89-1197-414B-AE52-A9FDF96E658D}
		{DCB48821-78C3-4ED1-908C-67A226219E49} = {9BD2F0D4-CEC9-440A-85EA-9503F97C22E2}
		{7082390D-4D33-4FBA-9727-A857B5620D0F} = {6009CDD4-8B0F-4602-8BAD-ADB7C2A69F75}
		{C168C5EF-AEC2-45F2-8321-32F767242BAB} = {62C6D31E-FAFA-487B-B3E3-DA9707816FAE}
	EndGlobalSection
	GlobalSection(ExtensibilityGlobals) = postSolution
		SolutionGuid = {85F3D8D6-8F58-4C30-9754-07D574466E07}
	EndGlobalSection
EndGlobal
